// !$*UTF8*$!
{
	archiveVersion = 1;
	classes = {
	};
	objectVersion = 46;
	objects = {

/* Begin PBXBuildFile section */
		03D2E7A31C101F1E0012E60E /* AppDelegate.swift in Sources */ = {isa = PBXBuildFile; fileRef = 03D2E7A21C101F1E0012E60E /* AppDelegate.swift */; };
		03D2E7A51C101F1E0012E60E /* ViewController.swift in Sources */ = {isa = PBXBuildFile; fileRef = 03D2E7A41C101F1E0012E60E /* ViewController.swift */; };
		03D2E7A81C101F1E0012E60E /* Main.storyboard in Resources */ = {isa = PBXBuildFile; fileRef = 03D2E7A61C101F1E0012E60E /* Main.storyboard */; };
		03D2E7AA1C101F1E0012E60E /* Assets.xcassets in Resources */ = {isa = PBXBuildFile; fileRef = 03D2E7A91C101F1E0012E60E /* Assets.xcassets */; };
		03D2E7AD1C101F1E0012E60E /* LaunchScreen.storyboard in Resources */ = {isa = PBXBuildFile; fileRef = 03D2E7AB1C101F1E0012E60E /* LaunchScreen.storyboard */; };
		03D2E7B81C101F1E0012E60E /* IkashTests.swift in Sources */ = {isa = PBXBuildFile; fileRef = 03D2E7B71C101F1E0012E60E /* IkashTests.swift */; };
		03D2E7C31C101F1E0012E60E /* IkashUITests.swift in Sources */ = {isa = PBXBuildFile; fileRef = 03D2E7C21C101F1E0012E60E /* IkashUITests.swift */; };
/* End PBXBuildFile section */

/* Begin PBXContainerItemProxy section */
		03D2E7B41C101F1E0012E60E /* PBXContainerItemProxy */ = {
			isa = PBXContainerItemProxy;
			containerPortal = 03D2E7971C101F1E0012E60E /* Project object */;
			proxyType = 1;
			remoteGlobalIDString = 03D2E79E1C101F1E0012E60E;
			remoteInfo = Ikash;
		};
		03D2E7BF1C101F1E0012E60E /* PBXContainerItemProxy */ = {
			isa = PBXContainerItemProxy;
			containerPortal = 03D2E7971C101F1E0012E60E /* Project object */;
			proxyType = 1;
			remoteGlobalIDString = 03D2E79E1C101F1E0012E60E;
			remoteInfo = Ikash;
		};
/* End PBXContainerItemProxy section */

/* Begin PBXFileReference section */
		03D2E79F1C101F1E0012E60E /* Ikash.app */ = {isa = PBXFileReference; explicitFileType = wrapper.application; includeInIndex = 0; path = Ikash.app; sourceTree = BUILT_PRODUCTS_DIR; };
		03D2E7A21C101F1E0012E60E /* AppDelegate.swift */ = {isa = PBXFileReference; lastKnownFileType = sourcecode.swift; path = AppDelegate.swift; sourceTree = "<group>"; };
		03D2E7A41C101F1E0012E60E /* ViewController.swift */ = {isa = PBXFileReference; lastKnownFileType = sourcecode.swift; path = ViewController.swift; sourceTree = "<group>"; };
		03D2E7A71C101F1E0012E60E /* Base */ = {isa = PBXFileReference; lastKnownFileType = file.storyboard; name = Base; path = Base.lproj/Main.storyboard; sourceTree = "<group>"; };
		03D2E7A91C101F1E0012E60E /* Assets.xcassets */ = {isa = PBXFileReference; lastKnownFileType = folder.assetcatalog; path = Assets.xcassets; sourceTree = "<group>"; };
		03D2E7AC1C101F1E0012E60E /* Base */ = {isa = PBXFileReference; lastKnownFileType = file.storyboard; name = Base; path = Base.lproj/LaunchScreen.storyboard; sourceTree = "<group>"; };
		03D2E7AE1C101F1E0012E60E /* Info.plist */ = {isa = PBXFileReference; lastKnownFileType = text.plist.xml; path = Info.plist; sourceTree = "<group>"; };
		03D2E7B31C101F1E0012E60E /* IkashTests.xctest */ = {isa = PBXFileReference; explicitFileType = wrapper.cfbundle; includeInIndex = 0; path = IkashTests.xctest; sourceTree = BUILT_PRODUCTS_DIR; };
		03D2E7B71C101F1E0012E60E /* IkashTests.swift */ = {isa = PBXFileReference; lastKnownFileType = sourcecode.swift; path = IkashTests.swift; sourceTree = "<group>"; };
		03D2E7B91C101F1E0012E60E /* Info.plist */ = {isa = PBXFileReference; lastKnownFileType = text.plist.xml; path = Info.plist; sourceTree = "<group>"; };
		03D2E7BE1C101F1E0012E60E /* IkashUITests.xctest */ = {isa = PBXFileReference; explicitFileType = wrapper.cfbundle; includeInIndex = 0; path = IkashUITests.xctest; sourceTree = BUILT_PRODUCTS_DIR; };
		03D2E7C21C101F1E0012E60E /* IkashUITests.swift */ = {isa = PBXFileReference; lastKnownFileType = sourcecode.swift; path = IkashUITests.swift; sourceTree = "<group>"; };
		03D2E7C41C101F1E0012E60E /* Info.plist */ = {isa = PBXFileReference; lastKnownFileType = text.plist.xml; path = Info.plist; sourceTree = "<group>"; };
/* End PBXFileReference section */

/* Begin PBXFrameworksBuildPhase section */
		03D2E79C1C101F1E0012E60E /* Frameworks */ = {
			isa = PBXFrameworksBuildPhase;
			buildActionMask = 2147483647;
			files = (
			);
			runOnlyForDeploymentPostprocessing = 0;
		};
		03D2E7B01C101F1E0012E60E /* Frameworks */ = {
			isa = PBXFrameworksBuildPhase;
			buildActionMask = 2147483647;
			files = (
			);
			runOnlyForDeploymentPostprocessing = 0;
		};
		03D2E7BB1C101F1E0012E60E /* Frameworks */ = {
			isa = PBXFrameworksBuildPhase;
			buildActionMask = 2147483647;
			files = (
			);
			runOnlyForDeploymentPostprocessing = 0;
		};
/* End PBXFrameworksBuildPhase section */

/* Begin PBXGroup section */
		03D2E7961C101F1E0012E60E = {
			isa = PBXGroup;
			children = (
				03D2E7A11C101F1E0012E60E /* Ikash */,
				03D2E7B61C101F1E0012E60E /* IkashTests */,
				03D2E7C11C101F1E0012E60E /* IkashUITests */,
				03D2E7A01C101F1E0012E60E /* Products */,
			);
			sourceTree = "<group>";
		};
		03D2E7A01C101F1E0012E60E /* Products */ = {
			isa = PBXGroup;
			children = (
				03D2E79F1C101F1E0012E60E /* Ikash.app */,
				03D2E7B31C101F1E0012E60E /* IkashTests.xctest */,
				03D2E7BE1C101F1E0012E60E /* IkashUITests.xctest */,
			);
			name = Products;
			sourceTree = "<group>";
		};
		03D2E7A11C101F1E0012E60E /* Ikash */ = {
			isa = PBXGroup;
			children = (
				03D2E7A21C101F1E0012E60E /* AppDelegate.swift */,
				03D2E7A41C101F1E0012E60E /* ViewController.swift */,
				03D2E7A61C101F1E0012E60E /* Main.storyboard */,
				03D2E7A91C101F1E0012E60E /* Assets.xcassets */,
				03D2E7AB1C101F1E0012E60E /* LaunchScreen.storyboard */,
				03D2E7AE1C101F1E0012E60E /* Info.plist */,
			);
			path = Ikash;
			sourceTree = "<group>";
		};
		03D2E7B61C101F1E0012E60E /* IkashTests */ = {
			isa = PBXGroup;
			children = (
				03D2E7B71C101F1E0012E60E /* IkashTests.swift */,
				03D2E7B91C101F1E0012E60E /* Info.plist */,
			);
			path = IkashTests;
			sourceTree = "<group>";
		};
		03D2E7C11C101F1E0012E60E /* IkashUITests */ = {
			isa = PBXGroup;
			children = (
				03D2E7C21C101F1E0012E60E /* IkashUITests.swift */,
				03D2E7C41C101F1E0012E60E /* Info.plist */,
			);
			path = IkashUITests;
			sourceTree = "<group>";
		};
/* End PBXGroup section */

/* Begin PBXNativeTarget section */
		03D2E79E1C101F1E0012E60E /* Ikash */ = {
			isa = PBXNativeTarget;
			buildConfigurationList = 03D2E7C71C101F1E0012E60E /* Build configuration list for PBXNativeTarget "Ikash" */;
			buildPhases = (
				03D2E79B1C101F1E0012E60E /* Sources */,
				03D2E79C1C101F1E0012E60E /* Frameworks */,
				03D2E79D1C101F1E0012E60E /* Resources */,
			);
			buildRules = (
			);
			dependencies = (
			);
			name = Ikash;
			productName = Ikash;
			productReference = 03D2E79F1C101F1E0012E60E /* Ikash.app */;
			productType = "com.apple.product-type.application";
		};
		03D2E7B21C101F1E0012E60E /* IkashTests */ = {
			isa = PBXNativeTarget;
			buildConfigurationList = 03D2E7CA1C101F1E0012E60E /* Build configuration list for PBXNativeTarget "IkashTests" */;
			buildPhases = (
				03D2E7AF1C101F1E0012E60E /* Sources */,
				03D2E7B01C101F1E0012E60E /* Frameworks */,
				03D2E7B11C101F1E0012E60E /* Resources */,
			);
			buildRules = (
			);
			dependencies = (
				03D2E7B51C101F1E0012E60E /* PBXTargetDependency */,
			);
			name = IkashTests;
			productName = IkashTests;
			productReference = 03D2E7B31C101F1E0012E60E /* IkashTests.xctest */;
			productType = "com.apple.product-type.bundle.unit-test";
		};
		03D2E7BD1C101F1E0012E60E /* IkashUITests */ = {
			isa = PBXNativeTarget;
			buildConfigurationList = 03D2E7CD1C101F1E0012E60E /* Build configuration list for PBXNativeTarget "IkashUITests" */;
			buildPhases = (
				03D2E7BA1C101F1E0012E60E /* Sources */,
				03D2E7BB1C101F1E0012E60E /* Frameworks */,
				03D2E7BC1C101F1E0012E60E /* Resources */,
			);
			buildRules = (
			);
			dependencies = (
				03D2E7C01C101F1E0012E60E /* PBXTargetDependency */,
			);
			name = IkashUITests;
			productName = IkashUITests;
			productReference = 03D2E7BE1C101F1E0012E60E /* IkashUITests.xctest */;
			productType = "com.apple.product-type.bundle.ui-testing";
		};
/* End PBXNativeTarget section */

/* Begin PBXProject section */
		03D2E7971C101F1E0012E60E /* Project object */ = {
			isa = PBXProject;
			attributes = {
				LastSwiftUpdateCheck = 0710;
				LastUpgradeCheck = 0710;
				ORGANIZATIONNAME = Ikash;
				TargetAttributes = {
					03D2E79E1C101F1E0012E60E = {
						CreatedOnToolsVersion = 7.1.1;
					};
					03D2E7B21C101F1E0012E60E = {
						CreatedOnToolsVersion = 7.1.1;
						TestTargetID = 03D2E79E1C101F1E0012E60E;
					};
					03D2E7BD1C101F1E0012E60E = {
						CreatedOnToolsVersion = 7.1.1;
						TestTargetID = 03D2E79E1C101F1E0012E60E;
					};
				};
			};
			buildConfigurationList = 03D2E79A1C101F1E0012E60E /* Build configuration list for PBXProject "Ikash" */;
			compatibilityVersion = "Xcode 3.2";
			developmentRegion = English;
			hasScannedForEncodings = 0;
			knownRegions = (
				en,
				Base,
			);
			mainGroup = 03D2E7961C101F1E0012E60E;
			productRefGroup = 03D2E7A01C101F1E0012E60E /* Products */;
			projectDirPath = "";
			projectRoot = "";
			targets = (
				03D2E79E1C101F1E0012E60E /* Ikash */,
				03D2E7B21C101F1E0012E60E /* IkashTests */,
				03D2E7BD1C101F1E0012E60E /* IkashUITests */,
			);
		};
/* End PBXProject section */

/* Begin PBXResourcesBuildPhase section */
		03D2E79D1C101F1E0012E60E /* Resources */ = {
			isa = PBXResourcesBuildPhase;
			buildActionMask = 2147483647;
			files = (
				03D2E7AD1C101F1E0012E60E /* LaunchScreen.storyboard in Resources */,
				03D2E7AA1C101F1E0012E60E /* Assets.xcassets in Resources */,
				03D2E7A81C101F1E0012E60E /* Main.storyboard in Resources */,
			);
			runOnlyForDeploymentPostprocessing = 0;
		};
		03D2E7B11C101F1E0012E60E /* Resources */ = {
			isa = PBXResourcesBuildPhase;
			buildActionMask = 2147483647;
			files = (
			);
			runOnlyForDeploymentPostprocessing = 0;
		};
		03D2E7BC1C101F1E0012E60E /* Resources */ = {
			isa = PBXResourcesBuildPhase;
			buildActionMask = 2147483647;
			files = (
			);
			runOnlyForDeploymentPostprocessing = 0;
		};
/* End PBXResourcesBuildPhase section */

/* Begin PBXSourcesBuildPhase section */
		03D2E79B1C101F1E0012E60E /* Sources */ = {
			isa = PBXSourcesBuildPhase;
			buildActionMask = 2147483647;
			files = (
				03D2E7A51C101F1E0012E60E /* ViewController.swift in Sources */,
				03D2E7A31C101F1E0012E60E /* AppDelegate.swift in Sources */,
			);
			runOnlyForDeploymentPostprocessing = 0;
		};
		03D2E7AF1C101F1E0012E60E /* Sources */ = {
			isa = PBXSourcesBuildPhase;
			buildActionMask = 2147483647;
			files = (
				03D2E7B81C101F1E0012E60E /* IkashTests.swift in Sources */,
			);
			runOnlyForDeploymentPostprocessing = 0;
		};
		03D2E7BA1C101F1E0012E60E /* Sources */ = {
			isa = PBXSourcesBuildPhase;
			buildActionMask = 2147483647;
			files = (
				03D2E7C31C101F1E0012E60E /* IkashUITests.swift in Sources */,
			);
			runOnlyForDeploymentPostprocessing = 0;
		};
/* End PBXSourcesBuildPhase section */

/* Begin PBXTargetDependency section */
		03D2E7B51C101F1E0012E60E /* PBXTargetDependency */ = {
			isa = PBXTargetDependency;
			target = 03D2E79E1C101F1E0012E60E /* Ikash */;
			targetProxy = 03D2E7B41C101F1E0012E60E /* PBXContainerItemProxy */;
		};
		03D2E7C01C101F1E0012E60E /* PBXTargetDependency */ = {
			isa = PBXTargetDependency;
			target = 03D2E79E1C101F1E0012E60E /* Ikash */;
			targetProxy = 03D2E7BF1C101F1E0012E60E /* PBXContainerItemProxy */;
		};
/* End PBXTargetDependency section */

/* Begin PBXVariantGroup section */
		03D2E7A61C101F1E0012E60E /* Main.storyboard */ = {
			isa = PBXVariantGroup;
			children = (
				03D2E7A71C101F1E0012E60E /* Base */,
			);
			name = Main.storyboard;
			sourceTree = "<group>";
		};
		03D2E7AB1C101F1E0012E60E /* LaunchScreen.storyboard */ = {
			isa = PBXVariantGroup;
			children = (
				03D2E7AC1C101F1E0012E60E /* Base */,
			);
			name = LaunchScreen.storyboard;
			sourceTree = "<group>";
		};
/* End PBXVariantGroup section */

/* Begin XCBuildConfiguration section */
		03D2E7C51C101F1E0012E60E /* Debug */ = {
			isa = XCBuildConfiguration;
			buildSettings = {
				ALWAYS_SEARCH_USER_PATHS = NO;
				CLANG_CXX_LANGUAGE_STANDARD = "gnu++0x";
				CLANG_CXX_LIBRARY = "libc++";
				CLANG_ENABLE_MODULES = YES;
				CLANG_ENABLE_OBJC_ARC = YES;
				CLANG_WARN_BOOL_CONVERSION = YES;
				CLANG_WARN_CONSTANT_CONVERSION = YES;
				CLANG_WARN_DIRECT_OBJC_ISA_USAGE = YES_ERROR;
				CLANG_WARN_EMPTY_BODY = YES;
				CLANG_WARN_ENUM_CONVERSION = YES;
				CLANG_WARN_INT_CONVERSION = YES;
				CLANG_WARN_OBJC_ROOT_CLASS = YES_ERROR;
				CLANG_WARN_UNREACHABLE_CODE = YES;
				CLANG_WARN__DUPLICATE_METHOD_MATCH = YES;
				"CODE_SIGN_IDENTITY[sdk=iphoneos*]" = "iPhone Developer";
				COPY_PHASE_STRIP = NO;
				DEBUG_INFORMATION_FORMAT = dwarf;
				ENABLE_STRICT_OBJC_MSGSEND = YES;
				ENABLE_TESTABILITY = YES;
				GCC_C_LANGUAGE_STANDARD = gnu99;
				GCC_DYNAMIC_NO_PIC = NO;
				GCC_NO_COMMON_BLOCKS = YES;
				GCC_OPTIMIZATION_LEVEL = 0;
				GCC_PREPROCESSOR_DEFINITIONS = (
					"DEBUG=1",
					"$(inherited)",
				);
				GCC_WARN_64_TO_32_BIT_CONVERSION = YES;
				GCC_WARN_ABOUT_RETURN_TYPE = YES_ERROR;
				GCC_WARN_UNDECLARED_SELECTOR = YES;
				GCC_WARN_UNINITIALIZED_AUTOS = YES_AGGRESSIVE;
				GCC_WARN_UNUSED_FUNCTION = YES;
				GCC_WARN_UNUSED_VARIABLE = YES;
				IPHONEOS_DEPLOYMENT_TARGET = 9.1;
				MTL_ENABLE_DEBUG_INFO = YES;
				ONLY_ACTIVE_ARCH = YES;
				SDKROOT = iphoneos;
				SWIFT_OPTIMIZATION_LEVEL = "-Onone";
			};
			name = Debug;
		};
		03D2E7C61C101F1E0012E60E /* Release */ = {
			isa = XCBuildConfiguration;
			buildSettings = {
				ALWAYS_SEARCH_USER_PATHS = NO;
				CLANG_CXX_LANGUAGE_STANDARD = "gnu++0x";
				CLANG_CXX_LIBRARY = "libc++";
				CLANG_ENABLE_MODULES = YES;
				CLANG_ENABLE_OBJC_ARC = YES;
				CLANG_WARN_BOOL_CONVERSION = YES;
				CLANG_WARN_CONSTANT_CONVERSION = YES;
				CLANG_WARN_DIRECT_OBJC_ISA_USAGE = YES_ERROR;
				CLANG_WARN_EMPTY_BODY = YES;
				CLANG_WARN_ENUM_CONVERSION = YES;
				CLANG_WARN_INT_CONVERSION = YES;
				CLANG_WARN_OBJC_ROOT_CLASS = YES_ERROR;
				CLANG_WARN_UNREACHABLE_CODE = YES;
				CLANG_WARN__DUPLICATE_METHOD_MATCH = YES;
				"CODE_SIGN_IDENTITY[sdk=iphoneos*]" = "iPhone Developer";
				COPY_PHASE_STRIP = NO;
				DEBUG_INFORMATION_FORMAT = "dwarf-with-dsym";
				ENABLE_NS_ASSERTIONS = NO;
				ENABLE_STRICT_OBJC_MSGSEND = YES;
				GCC_C_LANGUAGE_STANDARD = gnu99;
				GCC_NO_COMMON_BLOCKS = YES;
				GCC_WARN_64_TO_32_BIT_CONVERSION = YES;
				GCC_WARN_ABOUT_RETURN_TYPE = YES_ERROR;
				GCC_WARN_UNDECLARED_SELECTOR = YES;
				GCC_WARN_UNINITIALIZED_AUTOS = YES_AGGRESSIVE;
				GCC_WARN_UNUSED_FUNCTION = YES;
				GCC_WARN_UNUSED_VARIABLE = YES;
				IPHONEOS_DEPLOYMENT_TARGET = 9.1;
				MTL_ENABLE_DEBUG_INFO = NO;
				SDKROOT = iphoneos;
				VALIDATE_PRODUCT = YES;
			};
			name = Release;
		};
		03D2E7C81C101F1E0012E60E /* Debug */ = {
			isa = XCBuildConfiguration;
			buildSettings = {
				ASSETCATALOG_COMPILER_APPICON_NAME = AppIcon;
				INFOPLIST_FILE = Ikash/Info.plist;
				LD_RUNPATH_SEARCH_PATHS = "$(inherited) @executable_path/Frameworks";
				PRODUCT_BUNDLE_IDENTIFIER = www.Ikash.com.Ikash;
				PRODUCT_NAME = "$(TARGET_NAME)";
			};
			name = Debug;
		};
		03D2E7C91C101F1E0012E60E /* Release */ = {
			isa = XCBuildConfiguration;
			buildSettings = {
				ASSETCATALOG_COMPILER_APPICON_NAME = AppIcon;
				INFOPLIST_FILE = Ikash/Info.plist;
				LD_RUNPATH_SEARCH_PATHS = "$(inherited) @executable_path/Frameworks";
				PRODUCT_BUNDLE_IDENTIFIER = www.Ikash.com.Ikash;
				PRODUCT_NAME = "$(TARGET_NAME)";
			};
			name = Release;
		};
		03D2E7CB1C101F1E0012E60E /* Debug */ = {
			isa = XCBuildConfiguration;
			buildSettings = {
				BUNDLE_LOADER = "$(TEST_HOST)";
				INFOPLIST_FILE = IkashTests/Info.plist;
				LD_RUNPATH_SEARCH_PATHS = "$(inherited) @executable_path/Frameworks @loader_path/Frameworks";
				PRODUCT_BUNDLE_IDENTIFIER = www.Ikash.com.IkashTests;
				PRODUCT_NAME = "$(TARGET_NAME)";
				TEST_HOST = "$(BUILT_PRODUCTS_DIR)/Ikash.app/Ikash";
			};
			name = Debug;
		};
		03D2E7CC1C101F1E0012E60E /* Release */ = {
			isa = XCBuildConfiguration;
			buildSettings = {
				BUNDLE_LOADER = "$(TEST_HOST)";
				INFOPLIST_FILE = IkashTests/Info.plist;
				LD_RUNPATH_SEARCH_PATHS = "$(inherited) @executable_path/Frameworks @loader_path/Frameworks";
				PRODUCT_BUNDLE_IDENTIFIER = www.Ikash.com.IkashTests;
				PRODUCT_NAME = "$(TARGET_NAME)";
				TEST_HOST = "$(BUILT_PRODUCTS_DIR)/Ikash.app/Ikash";
			};
			name = Release;
		};
		03D2E7CE1C101F1E0012E60E /* Debug */ = {
			isa = XCBuildConfiguration;
			buildSettings = {
				INFOPLIST_FILE = IkashUITests/Info.plist;
				LD_RUNPATH_SEARCH_PATHS = "$(inherited) @executable_path/Frameworks @loader_path/Frameworks";
				PRODUCT_BUNDLE_IDENTIFIER = www.Ikash.com.IkashUITests;
				PRODUCT_NAME = "$(TARGET_NAME)";
				TEST_TARGET_NAME = Ikash;
				USES_XCTRUNNER = YES;
			};
			name = Debug;
		};
		03D2E7CF1C101F1E0012E60E /* Release */ = {
			isa = XCBuildConfiguration;
			buildSettings = {
				INFOPLIST_FILE = IkashUITests/Info.plist;
				LD_RUNPATH_SEARCH_PATHS = "$(inherited) @executable_path/Frameworks @loader_path/Frameworks";
				PRODUCT_BUNDLE_IDENTIFIER = www.Ikash.com.IkashUITests;
				PRODUCT_NAME = "$(TARGET_NAME)";
				TEST_TARGET_NAME = Ikash;
				USES_XCTRUNNER = YES;
			};
			name = Release;
		};
/* End XCBuildConfiguration section */

/* Begin XCConfigurationList section */
		03D2E79A1C101F1E0012E60E /* Build configuration list for PBXProject "Ikash" */ = {
			isa = XCConfigurationList;
			buildConfigurations = (
				03D2E7C51C101F1E0012E60E /* Debug */,
				03D2E7C61C101F1E0012E60E /* Release */,
			);
			defaultConfigurationIsVisible = 0;
			defaultConfigurationName = Release;
		};
		03D2E7C71C101F1E0012E60E /* Build configuration list for PBXNativeTarget "Ikash" */ = {
			isa = XCConfigurationList;
			buildConfigurations = (
				03D2E7C81C101F1E0012E60E /* Debug */,
				03D2E7C91C101F1E0012E60E /* Release */,
			);
			defaultConfigurationIsVisible = 0;
		};
		03D2E7CA1C101F1E0012E60E /* Build configuration list for PBXNativeTarget "IkashTests" */ = {
			isa = XCConfigurationList;
			buildConfigurations = (
				03D2E7CB1C101F1E0012E60E /* Debug */,
				03D2E7CC1C101F1E0012E60E /* Release */,
			);
			defaultConfigurationIsVisible = 0;
		};
		03D2E7CD1C101F1E0012E60E /* Build configuration list for PBXNativeTarget "IkashUITests" */ = {
			isa = XCConfigurationList;
			buildConfigurations = (
				03D2E7CE1C101F1E0012E60E /* Debug */,
				03D2E7CF1C101F1E0012E60E /* Release */,
			);
			defaultConfigurationIsVisible = 0;
		};
/* End XCConfigurationList section */
	};
	rootObject = 03D2E7971C101F1E0012E60E /* Project object */;
}
